
Microsoft Visual Studio Solution File, Format Version 12.00
# Visual Studio Version 16
VisualStudioVersion = 16.0.30225.117
MinimumVisualStudioVersion = 10.0.40219.1
Project("{FAE04EC0-301F-11D3-BF4B-00C04F79EFBC}") = "4_9_prva", "4_9_prva.csproj", "{2CE9B8E7-168A-4EAB-8F27-BB949A70A150}"
EndProject
Global
	GlobalSection(SolutionConfigurationPlatforms) = preSolution
		Debug|Any CPU = Debug|Any CPU
		Release|Any CPU = Release|Any CPU
	EndGlobalSection
	GlobalSection(ProjectConfigurationPlatforms) = postSolution
		{2CE9B8E7-168A-4EAB-8F27-BB949A70A150}.Debug|Any CPU.ActiveCfg = Debug|Any CPU
		{2CE9B8E7-168A-4EAB-8F27-BB949A70A150}.Debug|Any CPU.Build.0 = Debug|Any CPU
		{2CE9B8E7-168A-4EAB-8F27-BB949A70A150}.Release|Any CPU.ActiveCfg = Release|Any CPU
		{2CE9B8E7-168A-4EAB-8F27-BB949A70A150}.Release|Any CPU.Build.0 = Release|Any CPU
	EndGlobalSection
	GlobalSection(SolutionProperties) = preSolution
		HideSolutionNode = FALSE
	EndGlobalSection
	GlobalSection(ExtensibilityGlobals) = postSolution
		SolutionGuid = {A1796DE7-4CB6-471B-9FD0-35A2EDD4469B}
	EndGlobalSection
EndGlobal
